
Microsoft Visual Studio Solution File, Format Version 12.00
# Visual Studio 2013
VisualStudioVersion = 12.0.21005.1
MinimumVisualStudioVersion = 10.0.40219.1
Project("{FAE04EC0-301F-11D3-BF4B-00C04F79EFBC}") = "Manager", "Manager\Manager.csproj", "{CE38889C-724D-4E57-A1DD-BA60165E9329}"
EndProject
Project("{54435603-DBB4-11D2-8724-00A0C9A8B90C}") = "QL_CuaHangTienLoi_Nhom1", "QL_CuaHangTienLoi_Nhom1\QL_CuaHangTienLoi_Nhom1.vdproj", "{14202C11-AEEC-4F23-A248-D332F6FBD785}"
EndProject
Project("{FAE04EC0-301F-11D3-BF4B-00C04F79EFBC}") = "TestUnit", "TestUnit\TestUnit.csproj", "{6ACD82EA-99B9-4366-97CA-EACC05899410}"
EndProject
Project("{FAE04EC0-301F-11D3-BF4B-00C04F79EFBC}") = "DAL", "DAL\DAL.csproj", "{301D11B5-05ED-4DD1-8349-833FEFFEB1D5}"
EndProject
Global
	GlobalSection(SolutionConfigurationPlatforms) = preSolution
		Debug|Any CPU = Debug|Any CPU
		Release|Any CPU = Release|Any CPU
	EndGlobalSection
	GlobalSection(ProjectConfigurationPlatforms) = postSolution
		{CE38889C-724D-4E57-A1DD-BA60165E9329}.Debug|Any CPU.ActiveCfg = Debug|Any CPU
		{CE38889C-724D-4E57-A1DD-BA60165E9329}.Debug|Any CPU.Build.0 = Debug|Any CPU
		{CE38889C-724D-4E57-A1DD-BA60165E9329}.Release|Any CPU.ActiveCfg = Release|Any CPU
		{CE38889C-724D-4E57-A1DD-BA60165E9329}.Release|Any CPU.Build.0 = Release|Any CPU
		{14202C11-AEEC-4F23-A248-D332F6FBD785}.Debug|Any CPU.ActiveCfg = Debug
		{14202C11-AEEC-4F23-A248-D332F6FBD785}.Release|Any CPU.ActiveCfg = Release
		{6ACD82EA-99B9-4366-97CA-EACC05899410}.Debug|Any CPU.ActiveCfg = Debug|Any CPU
		{6ACD82EA-99B9-4366-97CA-EACC05899410}.Debug|Any CPU.Build.0 = Debug|Any CPU
		{6ACD82EA-99B9-4366-97CA-EACC05899410}.Release|Any CPU.ActiveCfg = Release|Any CPU
		{6ACD82EA-99B9-4366-97CA-EACC05899410}.Release|Any CPU.Build.0 = Release|Any CPU
		{301D11B5-05ED-4DD1-8349-833FEFFEB1D5}.Debug|Any CPU.ActiveCfg = Debug|Any CPU
		{301D11B5-05ED-4DD1-8349-833FEFFEB1D5}.Debug|Any CPU.Build.0 = Debug|Any CPU
		{301D11B5-05ED-4DD1-8349-833FEFFEB1D5}.Release|Any CPU.ActiveCfg = Release|Any CPU
		{301D11B5-05ED-4DD1-8349-833FEFFEB1D5}.Release|Any CPU.Build.0 = Release|Any CPU
	EndGlobalSection
	GlobalSection(SolutionProperties) = preSolution
		HideSolutionNode = FALSE
	EndGlobalSection
	GlobalSection(ExtensibilityGlobals) = postSolution
		SolutionGuid = {2521A84C-AC55-42A9-A94C-DED4B36AB558}
	EndGlobalSection
EndGlobal
